// !$*UTF8*$!
{
	archiveVersion = 1;
	classes = {
	};
	objectVersion = 50;
	objects = {

/* Begin PBXBuildFile section */
		785DA6F7246FE0D300CA601D /* AppDelegate.swift in Sources */ = {isa = PBXBuildFile; fileRef = 785DA6F6246FE0D300CA601D /* AppDelegate.swift */; };
		785DA6F9246FE0D300CA601D /* SceneDelegate.swift in Sources */ = {isa = PBXBuildFile; fileRef = 785DA6F8246FE0D300CA601D /* SceneDelegate.swift */; };
		785DA6FB246FE0D300CA601D /* ViewController.swift in Sources */ = {isa = PBXBuildFile; fileRef = 785DA6FA246FE0D300CA601D /* ViewController.swift */; };
		785DA6FE246FE0D300CA601D /* Main.storyboard in Resources */ = {isa = PBXBuildFile; fileRef = 785DA6FC246FE0D300CA601D /* Main.storyboard */; };
		785DA700246FE0D500CA601D /* Assets.xcassets in Resources */ = {isa = PBXBuildFile; fileRef = 785DA6FF246FE0D500CA601D /* Assets.xcassets */; };
		785DA703246FE0D500CA601D /* LaunchScreen.storyboard in Resources */ = {isa = PBXBuildFile; fileRef = 785DA701246FE0D500CA601D /* LaunchScreen.storyboard */; };
/* End PBXBuildFile section */

/* Begin PBXFileReference section */
		785DA6F3246FE0D300CA601D /* AutoLayoutExercise2.app */ = {isa = PBXFileReference; explicitFileType = wrapper.application; includeInIndex = 0; path = AutoLayoutExercise2.app; sourceTree = BUILT_PRODUCTS_DIR; };
		785DA6F6246FE0D300CA601D /* AppDelegate.swift */ = {isa = PBXFileReference; lastKnownFileType = sourcecode.swift; path = AppDelegate.swift; sourceTree = "<group>"; };
		785DA6F8246FE0D300CA601D /* SceneDelegate.swift */ = {isa = PBXFileReference; lastKnownFileType = sourcecode.swift; path = SceneDelegate.swift; sourceTree = "<group>"; };
		785DA6FA246FE0D300CA601D /* ViewController.swift */ = {isa = PBXFileReference; lastKnownFileType = sourcecode.swift; path = ViewController.swift; sourceTree = "<group>"; };
		785DA6FD246FE0D300CA601D /* Base */ = {isa = PBXFileReference; lastKnownFileType = file.storyboard; name = Base; path = Base.lproj/Main.storyboard; sourceTree = "<group>"; };
		785DA6FF246FE0D500CA601D /* Assets.xcassets */ = {isa = PBXFileReference; lastKnownFileType = folder.assetcatalog; path = Assets.xcassets; sourceTree = "<group>"; };
		785DA702246FE0D500CA601D /* Base */ = {isa = PBXFileReference; lastKnownFileType = file.storyboard; name = Base; path = Base.lproj/LaunchScreen.storyboard; sourceTree = "<group>"; };
		785DA704246FE0D500CA601D /* Info.plist */ = {isa = PBXFileReference; lastKnownFileType = text.plist.xml; path = Info.plist; sourceTree = "<group>"; };
/* End PBXFileReference section */

/* Begin PBXFrameworksBuildPhase section */
		785DA6F0246FE0D300CA601D /* Frameworks */ = {
			isa = PBXFrameworksBuildPhase;
			buildActionMask = 2147483647;
			files = (
			);
			runOnlyForDeploymentPostprocessing = 0;
		};
/* End PBXFrameworksBuildPhase section */

/* Begin PBXGroup section */
		785DA6EA246FE0D300CA601D = {
			isa = PBXGroup;
			children = (
				785DA6F5246FE0D300CA601D /* AutoLayoutExercise2 */,
				785DA6F4246FE0D300CA601D /* Products */,
			);
			sourceTree = "<group>";
		};
		785DA6F4246FE0D300CA601D /* Products */ = {
			isa = PBXGroup;
			children = (
				785DA6F3246FE0D300CA601D /* AutoLayoutExercise2.app */,
			);
			name = Products;
			sourceTree = "<group>";
		};
		785DA6F5246FE0D300CA601D /* AutoLayoutExercise2 */ = {
			isa = PBXGroup;
			children = (
				785DA6F6246FE0D300CA601D /* AppDelegate.swift */,
				785DA6F8246FE0D300CA601D /* SceneDelegate.swift */,
				785DA6FA246FE0D300CA601D /* ViewController.swift */,
				785DA6FC246FE0D300CA601D /* Main.storyboard */,
				785DA6FF246FE0D500CA601D /* Assets.xcassets */,
				785DA701246FE0D500CA601D /* LaunchScreen.storyboard */,
				785DA704246FE0D500CA601D /* Info.plist */,
			);
			path = AutoLayoutExercise2;
			sourceTree = "<group>";
		};
/* End PBXGroup section */

/* Begin PBXNativeTarget section */
		785DA6F2246FE0D300CA601D /* AutoLayoutExercise2 */ = {
			isa = PBXNativeTarget;
			buildConfigurationList = 785DA707246FE0D500CA601D /* Build configuration list for PBXNativeTarget "AutoLayoutExercise2" */;
			buildPhases = (
				785DA6EF246FE0D300CA601D /* Sources */,
				785DA6F0246FE0D300CA601D /* Frameworks */,
				785DA6F1246FE0D300CA601D /* Resources */,
			);
			buildRules = (
			);
			dependencies = (
			);
			name = AutoLayoutExercise2;
			productName = AutoLayoutExercise2;
			productReference = 785DA6F3246FE0D300CA601D /* AutoLayoutExercise2.app */;
			productType = "com.apple.product-type.application";
		};
/* End PBXNativeTarget section */

/* Begin PBXProject section */
		785DA6EB246FE0D300CA601D /* Project object */ = {
			isa = PBXProject;
			attributes = {
				LastSwiftUpdateCheck = 1130;
				LastUpgradeCheck = 1130;
				ORGANIZATIONNAME = Christoper;
				TargetAttributes = {
					785DA6F2246FE0D300CA601D = {
						CreatedOnToolsVersion = 11.3.1;
					};
				};
			};
			buildConfigurationList = 785DA6EE246FE0D300CA601D /* Build configuration list for PBXProject "AutoLayoutExercise2" */;
			compatibilityVersion = "Xcode 9.3";
			developmentRegion = en;
			hasScannedForEncodings = 0;
			knownRegions = (
				en,
				Base,
			);
			mainGroup = 785DA6EA246FE0D300CA601D;
			productRefGroup = 785DA6F4246FE0D300CA601D /* Products */;
			projectDirPath = "";
			projectRoot = "";
			targets = (
				785DA6F2246FE0D300CA601D /* AutoLayoutExercise2 */,
			);
		};
/* End PBXProject section */

/* Begin PBXResourcesBuildPhase section */
		785DA6F1246FE0D300CA601D /* Resources */ = {
			isa = PBXResourcesBuildPhase;
			buildActionMask = 2147483647;
			files = (
				785DA703246FE0D500CA601D /* LaunchScreen.storyboard in Resources */,
				785DA700246FE0D500CA601D /* Assets.xcassets in Resources */,
				785DA6FE246FE0D300CA601D /* Main.storyboard in Resources */,
			);
			runOnlyForDeploymentPostprocessing = 0;
		};
/* End PBXResourcesBuildPhase section */

/* Begin PBXSourcesBuildPhase section */
		785DA6EF246FE0D300CA601D /* Sources */ = {
			isa = PBXSourcesBuildPhase;
			buildActionMask = 2147483647;
			files = (
				785DA6FB246FE0D300CA601D /* ViewController.swift in Sources */,
				785DA6F7246FE0D300CA601D /* AppDelegate.swift in Sources */,
				785DA6F9246FE0D300CA601D /* SceneDelegate.swift in Sources */,
			);
			runOnlyForDeploymentPostprocessing = 0;
		};
/* End PBXSourcesBuildPhase section */

/* Begin PBXVariantGroup section */
		785DA6FC246FE0D300CA601D /* Main.storyboard */ = {
			isa = PBXVariantGroup;
			children = (
				785DA6FD246FE0D300CA601D /* Base */,
			);
			name = Main.storyboard;
			sourceTree = "<group>";
		};
		785DA701246FE0D500CA601D /* LaunchScreen.storyboard */ = {
			isa = PBXVariantGroup;
			children = (
				785DA702246FE0D500CA601D /* Base */,
			);
			name = LaunchScreen.storyboard;
			sourceTree = "<group>";
		};
/* End PBXVariantGroup section */

/* Begin XCBuildConfiguration section */
		785DA705246FE0D500CA601D /* Debug */ = {
			isa = XCBuildConfiguration;
			buildSettings = {
				ALWAYS_SEARCH_USER_PATHS = NO;
				CLANG_ANALYZER_NONNULL = YES;
				CLANG_ANALYZER_NUMBER_OBJECT_CONVERSION = YES_AGGRESSIVE;
				CLANG_CXX_LANGUAGE_STANDARD = "gnu++14";
				CLANG_CXX_LIBRARY = "libc++";
				CLANG_ENABLE_MODULES = YES;
				CLANG_ENABLE_OBJC_ARC = YES;
				CLANG_ENABLE_OBJC_WEAK = YES;
				CLANG_WARN_BLOCK_CAPTURE_AUTORELEASING = YES;
				CLANG_WARN_BOOL_CONVERSION = YES;
				CLANG_WARN_COMMA = YES;
				CLANG_WARN_CONSTANT_CONVERSION = YES;
				CLANG_WARN_DEPRECATED_OBJC_IMPLEMENTATIONS = YES;
				CLANG_WARN_DIRECT_OBJC_ISA_USAGE = YES_ERROR;
				CLANG_WARN_DOCUMENTATION_COMMENTS = YES;
				CLANG_WARN_EMPTY_BODY = YES;
				CLANG_WARN_ENUM_CONVERSION = YES;
				CLANG_WARN_INFINITE_RECURSION = YES;
				CLANG_WARN_INT_CONVERSION = YES;
				CLANG_WARN_NON_LITERAL_NULL_CONVERSION = YES;
				CLANG_WARN_OBJC_IMPLICIT_RETAIN_SELF = YES;
				CLANG_WARN_OBJC_LITERAL_CONVERSION = YES;
				CLANG_WARN_OBJC_ROOT_CLASS = YES_ERROR;
				CLANG_WARN_RANGE_LOOP_ANALYSIS = YES;
				CLANG_WARN_STRICT_PROTOTYPES = YES;
				CLANG_WARN_SUSPICIOUS_MOVE = YES;
				CLANG_WARN_UNGUARDED_AVAILABILITY = YES_AGGRESSIVE;
				CLANG_WARN_UNREACHABLE_CODE = YES;
				CLANG_WARN__DUPLICATE_METHOD_MATCH = YES;
				COPY_PHASE_STRIP = NO;
				DEBUG_INFORMATION_FORMAT = dwarf;
				ENABLE_STRICT_OBJC_MSGSEND = YES;
				ENABLE_TESTABILITY = YES;
				GCC_C_LANGUAGE_STANDARD = gnu11;
				GCC_DYNAMIC_NO_PIC = NO;
				GCC_NO_COMMON_BLOCKS = YES;
				GCC_OPTIMIZATION_LEVEL = 0;
				GCC_PREPROCESSOR_DEFINITIONS = (
					"DEBUG=1",
					"$(inherited)",
				);
				GCC_WARN_64_TO_32_BIT_CONVERSION = YES;
				GCC_WARN_ABOUT_RETURN_TYPE = YES_ERROR;
				GCC_WARN_UNDECLARED_SELECTOR = YES;
				GCC_WARN_UNINITIALIZED_AUTOS = YES_AGGRESSIVE;
				GCC_WARN_UNUSED_FUNCTION = YES;
				GCC_WARN_UNUSED_VARIABLE = YES;
				IPHONEOS_DEPLOYMENT_TARGET = 13.2;
				MTL_ENABLE_DEBUG_INFO = INCLUDE_SOURCE;
				MTL_FAST_MATH = YES;
				ONLY_ACTIVE_ARCH = YES;
				SDKROOT = iphoneos;
				SWIFT_ACTIVE_COMPILATION_CONDITIONS = DEBUG;
				SWIFT_OPTIMIZATION_LEVEL = "-Onone";
			};
			name = Debug;
		};
		785DA706246FE0D500CA601D /* Release */ = {
			isa = XCBuildConfiguration;
			buildSettings = {
				ALWAYS_SEARCH_USER_PATHS = NO;
				CLANG_ANALYZER_NONNULL = YES;
				CLANG_ANALYZER_NUMBER_OBJECT_CONVERSION = YES_AGGRESSIVE;
				CLANG_CXX_LANGUAGE_STANDARD = "gnu++14";
				CLANG_CXX_LIBRARY = "libc++";
				CLANG_ENABLE_MODULES = YES;
				CLANG_ENABLE_OBJC_ARC = YES;
				CLANG_ENABLE_OBJC_WEAK = YES;
				CLANG_WARN_BLOCK_CAPTURE_AUTORELEASING = YES;
				CLANG_WARN_BOOL_CONVERSION = YES;
				CLANG_WARN_COMMA = YES;
				CLANG_WARN_CONSTANT_CONVERSION = YES;
				CLANG_WARN_DEPRECATED_OBJC_IMPLEMENTATIONS = YES;
				CLANG_WARN_DIRECT_OBJC_ISA_USAGE = YES_ERROR;
				CLANG_WARN_DOCUMENTATION_COMMENTS = YES;
				CLANG_WARN_EMPTY_BODY = YES;
				CLANG_WARN_ENUM_CONVERSION = YES;
				CLANG_WARN_INFINITE_RECURSION = YES;
				CLANG_WARN_INT_CONVERSION = YES;
				CLANG_WARN_NON_LITERAL_NULL_CONVERSION = YES;
				CLANG_WARN_OBJC_IMPLICIT_RETAIN_SELF = YES;
				CLANG_WARN_OBJC_LITERAL_CONVERSION = YES;
				CLANG_WARN_OBJC_ROOT_CLASS = YES_ERROR;
				CLANG_WARN_RANGE_LOOP_ANALYSIS = YES;
				CLANG_WARN_STRICT_PROTOTYPES = YES;
				CLANG_WARN_SUSPICIOUS_MOVE = YES;
				CLANG_WARN_UNGUARDED_AVAILABILITY = YES_AGGRESSIVE;
				CLANG_WARN_UNREACHABLE_CODE = YES;
				CLANG_WARN__DUPLICATE_METHOD_MATCH = YES;
				COPY_PHASE_STRIP = NO;
				DEBUG_INFORMATION_FORMAT = "dwarf-with-dsym";
				ENABLE_NS_ASSERTIONS = NO;
				ENABLE_STRICT_OBJC_MSGSEND = YES;
				GCC_C_LANGUAGE_STANDARD = gnu11;
				GCC_NO_COMMON_BLOCKS = YES;
				GCC_WARN_64_TO_32_BIT_CONVERSION = YES;
				GCC_WARN_ABOUT_RETURN_TYPE = YES_ERROR;
				GCC_WARN_UNDECLARED_SELECTOR = YES;
				GCC_WARN_UNINITIALIZED_AUTOS = YES_AGGRESSIVE;
				GCC_WARN_UNUSED_FUNCTION = YES;
				GCC_WARN_UNUSED_VARIABLE = YES;
				IPHONEOS_DEPLOYMENT_TARGET = 13.2;
				MTL_ENABLE_DEBUG_INFO = NO;
				MTL_FAST_MATH = YES;
				SDKROOT = iphoneos;
				SWIFT_COMPILATION_MODE = wholemodule;
				SWIFT_OPTIMIZATION_LEVEL = "-O";
				VALIDATE_PRODUCT = YES;
			};
			name = Release;
		};
		785DA708246FE0D500CA601D /* Debug */ = {
			isa = XCBuildConfiguration;
			buildSettings = {
				ASSETCATALOG_COMPILER_APPICON_NAME = AppIcon;
				CODE_SIGN_STYLE = Automatic;
				DEVELOPMENT_TEAM = JWM7B9FBA7;
				INFOPLIST_FILE = AutoLayoutExercise2/Info.plist;
				LD_RUNPATH_SEARCH_PATHS = (
					"$(inherited)",
					"@executable_path/Frameworks",
				);
				PRODUCT_BUNDLE_IDENTIFIER = com.chris.AutoLayoutExercise2;
				PRODUCT_NAME = "$(TARGET_NAME)";
				SWIFT_VERSION = 5.0;
				TARGETED_DEVICE_FAMILY = "1,2";
			};
			name = Debug;
		};
		785DA709246FE0D500CA601D /* Release */ = {
			isa = XCBuildConfiguration;
			buildSettings = {
				ASSETCATALOG_COMPILER_APPICON_NAME = AppIcon;
				CODE_SIGN_STYLE = Automatic;
				DEVELOPMENT_TEAM = JWM7B9FBA7;
				INFOPLIST_FILE = AutoLayoutExercise2/Info.plist;
				LD_RUNPATH_SEARCH_PATHS = (
					"$(inherited)",
					"@executable_path/Frameworks",
				);
				PRODUCT_BUNDLE_IDENTIFIER = com.chris.AutoLayoutExercise2;
				PRODUCT_NAME = "$(TARGET_NAME)";
				SWIFT_VERSION = 5.0;
				TARGETED_DEVICE_FAMILY = "1,2";
			};
			name = Release;
		};
/* End XCBuildConfiguration section */

/* Begin XCConfigurationList section */
		785DA6EE246FE0D300CA601D /* Build configuration list for PBXProject "AutoLayoutExercise2" */ = {
			isa = XCConfigurationList;
			buildConfigurations = (
				785DA705246FE0D500CA601D /* Debug */,
				785DA706246FE0D500CA601D /* Release */,
			);
			defaultConfigurationIsVisible = 0;
			defaultConfigurationName = Release;
		};
		785DA707246FE0D500CA601D /* Build configuration list for PBXNativeTarget "AutoLayoutExercise2" */ = {
			isa = XCConfigurationList;
			buildConfigurations = (
				785DA708246FE0D500CA601D /* Debug */,
				785DA709246FE0D500CA601D /* Release */,
			);
			defaultConfigurationIsVisible = 0;
			defaultConfigurationName = Release;
		};
/* End XCConfigurationList section */
	};
	rootObject = 785DA6EB246FE0D300CA601D /* Project object */;
}
